
Microsoft Visual Studio Solution File, Format Version 12.00
# Visual Studio 2012
Project("{FAE04EC0-301F-11D3-BF4B-00C04F79EFBC}") = "ZhiAiWang.UI", "ZhiAiWang.UI\ZhiAiWang.UI.csproj", "{130F970C-48DB-4B24-ACEE-A428AC43CC1F}"
EndProject
Project("{FAE04EC0-301F-11D3-BF4B-00C04F79EFBC}") = "ZhiAiWang.DAL", "ZhiAiWang.DAL\ZhiAiWang.DAL.csproj", "{8170D553-F8EE-4282-98B3-AD1616B4D94B}"
EndProject
Project("{FAE04EC0-301F-11D3-BF4B-00C04F79EFBC}") = "ZhiAiWang.BLL", "ZhiAiWang.BLL\ZhiAiWang.BLL.csproj", "{5D234C2E-3B9E-44BF-A790-07D3C296FA64}"
EndProject
Project("{FAE04EC0-301F-11D3-BF4B-00C04F79EFBC}") = "ZhiAiWang.Model", "ZhiAiWang.Model\ZhiAiWang.Model.csproj", "{636D00FE-31F7-4E52-B77D-079EC7BBEC35}"
EndProject
Global
	GlobalSection(SolutionConfigurationPlatforms) = preSolution
		Debug|Any CPU = Debug|Any CPU
		Release|Any CPU = Release|Any CPU
	EndGlobalSection
	GlobalSection(ProjectConfigurationPlatforms) = postSolution
		{130F970C-48DB-4B24-ACEE-A428AC43CC1F}.Debug|Any CPU.ActiveCfg = Debug|Any CPU
		{130F970C-48DB-4B24-ACEE-A428AC43CC1F}.Debug|Any CPU.Build.0 = Debug|Any CPU
		{130F970C-48DB-4B24-ACEE-A428AC43CC1F}.Release|Any CPU.ActiveCfg = Release|Any CPU
		{130F970C-48DB-4B24-ACEE-A428AC43CC1F}.Release|Any CPU.Build.0 = Release|Any CPU
		{8170D553-F8EE-4282-98B3-AD1616B4D94B}.Debug|Any CPU.ActiveCfg = Debug|Any CPU
		{8170D553-F8EE-4282-98B3-AD1616B4D94B}.Debug|Any CPU.Build.0 = Debug|Any CPU
		{8170D553-F8EE-4282-98B3-AD1616B4D94B}.Release|Any CPU.ActiveCfg = Release|Any CPU
		{8170D553-F8EE-4282-98B3-AD1616B4D94B}.Release|Any CPU.Build.0 = Release|Any CPU
		{5D234C2E-3B9E-44BF-A790-07D3C296FA64}.Debug|Any CPU.ActiveCfg = Debug|Any CPU
		{5D234C2E-3B9E-44BF-A790-07D3C296FA64}.Debug|Any CPU.Build.0 = Debug|Any CPU
		{5D234C2E-3B9E-44BF-A790-07D3C296FA64}.Release|Any CPU.ActiveCfg = Release|Any CPU
		{5D234C2E-3B9E-44BF-A790-07D3C296FA64}.Release|Any CPU.Build.0 = Release|Any CPU
		{636D00FE-31F7-4E52-B77D-079EC7BBEC35}.Debug|Any CPU.ActiveCfg = Debug|Any CPU
		{636D00FE-31F7-4E52-B77D-079EC7BBEC35}.Debug|Any CPU.Build.0 = Debug|Any CPU
		{636D00FE-31F7-4E52-B77D-079EC7BBEC35}.Release|Any CPU.ActiveCfg = Release|Any CPU
		{636D00FE-31F7-4E52-B77D-079EC7BBEC35}.Release|Any CPU.Build.0 = Release|Any CPU
	EndGlobalSection
	GlobalSection(SolutionProperties) = preSolution
		HideSolutionNode = FALSE
	EndGlobalSection
EndGlobal
